# THIS IS AN AUTOGENERATED FILE. DO NOT EDIT THIS FILE DIRECTLY.
# yarn lockfile v1


nodemailer@^6.9.0:
  version "6.9.0"
  resolved "https://registry.yarnpkg.com/nodemailer/-/nodemailer-6.9.0.tgz#a17488ff470ff9edf1bb31d9ec23079bc94f7dd3"
  integrity sha512-jFaCEGTeT3E/m/5R2MHWiyQH3pSARECRUDM+1hokOYc3lQAAG7ASuy+2jIsYVf+RVa9zePopSQwKNVFH8DKUpA==

password-generate@^1.1.1:
  version "1.1.1"
  resolved "https://registry.yarnpkg.com/password-generate/-/password-generate-1.1.1.tgz#457b8bb0ea1150a43c16cb2a427f51c4542e48c0"
  integrity sha512-1VpnpaK/+y5fu4+nZqTRvWNUzwi5zkRDgXnIhA0coA085IzbHUmfgxCrtxX2CZ5iHevdpNJ2KHdCVkomQ9QmSg==
